
Microsoft Visual Studio Solution File, Format Version 12.00
# Visual Studio Version 16
VisualStudioVersion = 16.0.32510.428
MinimumVisualStudioVersion = 10.0.40219.1
Project("{FAE04EC0-301F-11D3-BF4B-00C04F79EFBC}") = "ierarhie", "ierarhie\ierarhie.csproj", "{9353D0C0-0BA6-4E2E-9698-FC40F0CCDEEF}"
EndProject
Project("{FAE04EC0-301F-11D3-BF4B-00C04F79EFBC}") = "ierarhieApp", "ierarhieApp\ierarhieApp.csproj", "{23315A60-1CA7-4B6A-ADC5-BAEFC114A8E1}"
EndProject
Global
	GlobalSection(SolutionConfigurationPlatforms) = preSolution
		Debug|Any CPU = Debug|Any CPU
		Release|Any CPU = Release|Any CPU
	EndGlobalSection
	GlobalSection(ProjectConfigurationPlatforms) = postSolution
		{9353D0C0-0BA6-4E2E-9698-FC40F0CCDEEF}.Debug|Any CPU.ActiveCfg = Debug|Any CPU
		{9353D0C0-0BA6-4E2E-9698-FC40F0CCDEEF}.Debug|Any CPU.Build.0 = Debug|Any CPU
		{9353D0C0-0BA6-4E2E-9698-FC40F0CCDEEF}.Release|Any CPU.ActiveCfg = Release|Any CPU
		{9353D0C0-0BA6-4E2E-9698-FC40F0CCDEEF}.Release|Any CPU.Build.0 = Release|Any CPU
		{23315A60-1CA7-4B6A-ADC5-BAEFC114A8E1}.Debug|Any CPU.ActiveCfg = Debug|Any CPU
		{23315A60-1CA7-4B6A-ADC5-BAEFC114A8E1}.Debug|Any CPU.Build.0 = Debug|Any CPU
		{23315A60-1CA7-4B6A-ADC5-BAEFC114A8E1}.Release|Any CPU.ActiveCfg = Release|Any CPU
		{23315A60-1CA7-4B6A-ADC5-BAEFC114A8E1}.Release|Any CPU.Build.0 = Release|Any CPU
	EndGlobalSection
	GlobalSection(SolutionProperties) = preSolution
		HideSolutionNode = FALSE
	EndGlobalSection
	GlobalSection(ExtensibilityGlobals) = postSolution
		SolutionGuid = {AD59A44C-5304-40FC-A9D7-436C7BDAB89C}
	EndGlobalSection
EndGlobal
